
Microsoft Visual Studio Solution File, Format Version 12.00
# Visual Studio Version 16
VisualStudioVersion = 16.0.31321.278
MinimumVisualStudioVersion = 10.0.40219.1
Project("{FAE04EC0-301F-11D3-BF4B-00C04F79EFBC}") = "MathDocFX", "MathDocFX\MathDocFX.csproj", "{04C3AAA5-416D-4B80-BBDD-9A7B54F31F36}"
EndProject
Global
	GlobalSection(SolutionConfigurationPlatforms) = preSolution
		Debug|Any CPU = Debug|Any CPU
		Release|Any CPU = Release|Any CPU
	EndGlobalSection
	GlobalSection(ProjectConfigurationPlatforms) = postSolution
		{04C3AAA5-416D-4B80-BBDD-9A7B54F31F36}.Debug|Any CPU.ActiveCfg = Debug|Any CPU
		{04C3AAA5-416D-4B80-BBDD-9A7B54F31F36}.Debug|Any CPU.Build.0 = Debug|Any CPU
		{04C3AAA5-416D-4B80-BBDD-9A7B54F31F36}.Release|Any CPU.ActiveCfg = Release|Any CPU
		{04C3AAA5-416D-4B80-BBDD-9A7B54F31F36}.Release|Any CPU.Build.0 = Release|Any CPU
	EndGlobalSection
	GlobalSection(SolutionProperties) = preSolution
		HideSolutionNode = FALSE
	EndGlobalSection
	GlobalSection(ExtensibilityGlobals) = postSolution
		SolutionGuid = {E9A495A9-5996-4FD2-86C6-C1AA810DCD07}
	EndGlobalSection
EndGlobal
